# This file is autogenerated, do not edit; changes may be undone by the next 'dep ensure'.


[[projects]]
  branch = "master"
  digest = "1:62c57507df491b657e9ae2645f30958d9964c8eeb380600469eedc951ebb3a0e"
  name = "github.com/golang/freetype"
  packages = [
    "raster",
    "truetype",
  ]
  pruneopts = "UT"
  revision = "e2365dfdc4a05e4b8299a783240d4a7d5a65d4e4"

[[projects]]
  digest = "1:a3e7979fea3a98874b050dbf03301e30e332932d094468cec0786da4a82df652"
  name = "github.com/jonas-p/go-shp"
  packages = ["."]
  pruneopts = "UT"
  revision = "215a5781289c857f70b19c2740e65d81de343b50"
  version = "v0.1.1"

[[projects]]
  branch = "master"
  digest = "1:79d2dd4ecf0c5b24e0a372768fd523242098338ab4453b3422bfe6ef15627b88"
  name = "github.com/llgcode/draw2d"
  packages = [
    ".",
    "draw2dbase",
    "draw2dimg",
  ]
  pruneopts = "UT"
  revision = "f52c8a71aff06ab8df41843d33ab167b36c971cd"

[[projects]]
  branch = "master"
  digest = "1:03c6dfba956b81e4751f45210dc4b45ecb6bce028135d43f288cb3a0f58184d4"
  name = "golang.org/x/image"
  packages = [
    "draw",
    "font",
    "math/f64",
    "math/fixed",
  ]
  pruneopts = "UT"
  revision = "9b1e201e7c4c9d6c9292ff73c2c1131e5aa5e5ac"

[solve-meta]
  analyzer-name = "dep"
  analyzer-version = 1
  input-imports = [
    "github.com/jonas-p/go-shp",
    "github.com/llgcode/draw2d/draw2dimg",
  ]
  solver-name = "gps-cdcl"
  solver-version = 1
